hash: 263d5ac41891fab932aac475a891dd6d1f0810a10aa08b7a0e8ba4d7bab32301
updated: 2016-12-05T20:06:15.407818242-08:00
imports:
- name: appscode
  version: 7ca2f77b9df886d09d3bfe4fc51058f03d1ec41c
  repo: git@diffusion.appscode.com:appscode/43/appscode.git
  vcs: git
  subpackages:
  - pkg/clients/kube
  - pkg/clients/kube/client
  - pkg/clients/kube/install
  - pkg/util/fileutil
  - pkg/util/logs
  - pkg/util/versionutil
- name: cloud.google.com/go
  version: fe3d41e1ecb2ce36ad3a979037c9b9a2b726226f
  subpackages:
  - compute/metadata
  - internal
- name: github.com/appscode/api
  version: a102fc2bb931ed3c7ddab0a32c7dee65a651d0ee
  subpackages:
  - artifactory/v1beta1
  - auth/v1beta1
  - backup/v1beta1
  - billing/v1beta1
  - certificate/v1beta1
  - ci/v1beta1
  - credential/v1beta1
  - db/v1beta1
  - dtypes
  - glusterfs/v1beta1
  - health
  - kubernetes/v1beta1
  - mailinglist/v1beta1
  - namespace/v1beta1
  - operation/v1beta1
  - pv/v1beta1
  - ssh/v1beta1
  - version
- name: github.com/appscode/client
  version: 474798ba100586eb884220e271b38c36341f7ae6
  subpackages:
  - credential
  - util
- name: github.com/appscode/go-httpclient
  version: 2dcd1877d59cfa67148606cf5beb8f58b2f1f451
- name: github.com/appscode/go-notify
  version: 4a2061d730f2bfc14600654bc325f3afe8d1b4e8
  subpackages:
  - hipchat
  - mailgun
  - smtp
  - twilio
- name: github.com/appscode/log
  version: 80eca9c5883c667072798ef42e7be885d446d642
- name: github.com/blang/semver
  version: 31b736133b98f26d5e078ec9eb591666edfd091f
- name: github.com/cenkalti/backoff
  version: 32cd0c5b3aef12c76ed64aaf678f6c79736be7dc
- name: github.com/coreos/go-oidc
  version: 5cf2aa52da8c574d3aa4458f471ad6ae2240fe6b
  subpackages:
  - http
  - jose
  - key
  - oauth2
  - oidc
- name: github.com/coreos/pkg
  version: fa94270d4bac0d8ae5dc6b71894e251aada93f74
  subpackages:
  - capnslog
  - health
  - httputil
  - timeutil
- name: github.com/davecgh/go-spew
  version: 3e6e67c4dcea3ac2f25fd4731abc0e1deaf36216
  subpackages:
  - spew
- name: github.com/docker/distribution
  version: cd27f179f2c10c5d300e6d09025b538c475b0d51
  subpackages:
  - digest
  - reference
- name: github.com/emicklei/go-restful
  version: 777bb3f19bcafe2575ffb2a3e46af92509ae9594
  subpackages:
  - log
  - swagger
- name: github.com/flosch/pongo2
  version: 22499f94d3d56c7238591344a6902715d0b8fbbf
- name: github.com/ghodss/yaml
  version: 73d445a93680fa1a78ae23a5839bad48f32ba1ee
- name: github.com/gogo/protobuf
  version: e18d7aa8f8c624c915db340349aad4c49b10d173
  subpackages:
  - proto
  - sortkeys
- name: github.com/golang/glog
  version: 44145f04b68cf362d9c4df2182967c2275eaefed
- name: github.com/golang/protobuf
  version: 888eb0692c857ec880338addf316bd662d5e630e
  subpackages:
  - jsonpb
  - proto
  - protoc-gen-go/descriptor
  - ptypes/any
- name: github.com/google/cadvisor
  version: 546a3771589bdb356777c646c6eca24914fdd48b
  subpackages:
  - info/v1
- name: github.com/google/go-querystring
  version: 547ef5ac979778feb2f760cdb5f4eae1a2207b86
  subpackages:
  - query
- name: github.com/google/gofuzz
  version: bbcb9da2d746f8bdbd6a936686a0a6067ada0ec5
- name: github.com/grpc-ecosystem/grpc-gateway
  version: a04adb3c66df3ca5809284ab5ebbebbe47f8c5e7
  repo: git@github.com:appscode/grpc-gateway.git
  vcs: git
  subpackages:
  - runtime
  - runtime/internal
  - third_party/appscodeapis/appscode/api
  - third_party/googleapis/google/api
  - utilities
- name: github.com/inconshreveable/mousetrap
  version: 76626ae9c91c4f2a10f34cad8ce83ea42c93bb75
- name: github.com/influxdata/influxdb
  version: 1572060c6890f5c6f6e540155d99238aca8617e3
  subpackages:
  - client
  - models
  - pkg/escape
- name: github.com/jaytaylor/html2text
  version: 52d9b785554a1918cb09909b89a1509a98b853fd
- name: github.com/jonboulle/clockwork
  version: 3f831b65b61282ba6bece21b91beea2edc4c887a
- name: github.com/juju/ratelimit
  version: 77ed1c8a01217656d2080ad51981f6e99adaa177
- name: github.com/kelseyhightower/envconfig
  version: 9aca109c9aec4633fced9717c4a09ecab3d33111
- name: github.com/Knetic/govaluate
  version: 93f778d2172335e459bd2fb6d8db5429ecedccdf
- name: github.com/mailgun/mailgun-go
  version: 369a1fa57ce6fb314e627087b9fff0db5c266c0f
- name: github.com/pborman/uuid
  version: ca53cad383cad2479bbba7f7a1a05797ec1386e4
- name: github.com/prometheus/client_golang
  version: c5b7fccd204277076155f10851dad72b76a49317
  subpackages:
  - api/prometheus
- name: github.com/prometheus/common
  version: ffe929a3f4c4faeaa10f2b9535c2b1be3ad15650
  subpackages:
  - model
- name: github.com/spf13/cobra
  version: 9c28e4bbd74e5c3ed7aacbc552b2cab7cfdfe744
- name: github.com/spf13/pflag
  version: c7e63cf4530bcd3ba943729cee0efeff2ebea63f
- name: github.com/tbruyelle/hipchat-go
  version: 749fb9e14beb9995f677c101a754393cecb64b0f
  subpackages:
  - hipchat
- name: github.com/ugorji/go
  version: f4485b318aadd133842532f841dc205a8e339d74
  subpackages:
  - codec
- name: github.com/vaughan0/go-ini
  version: a98ad7ee00ec53921f08832bc06ecf7fd600e6a1
- name: github.com/xeipuuv/gojsonpointer
  version: e0fe6f68307607d540ed8eac07a342c33fa1b54a
- name: github.com/xeipuuv/gojsonreference
  version: e02fc20de94c78484cd5ffb007f8af96be030a45
- name: github.com/xeipuuv/gojsonschema
  version: 93e72a773fade158921402d6a24c819b48aba29d
- name: golang.org/x/net
  version: f4b625ec9b21d620bb5ce57f2dfc3e08ca97fce6
  subpackages:
  - context
  - context/ctxhttp
  - html
  - html/atom
  - http2
  - http2/hpack
  - idna
  - internal/timeseries
  - lex/httplex
  - publicsuffix
  - trace
  - websocket
- name: golang.org/x/oauth2
  version: d5040cddfc0da40b408c9a1da4728662435176a9
  subpackages:
  - google
  - internal
  - jws
  - jwt
- name: google.golang.org/appengine
  version: 150dc57a1b433e64154302bdc40b6bb8aefa313a
  subpackages:
  - internal
  - internal/app_identity
  - internal/base
  - internal/datastore
  - internal/log
  - internal/modules
  - internal/remote_api
  - internal/urlfetch
  - urlfetch
- name: google.golang.org/grpc
  version: 777daa17ff9b5daef1cfdf915088a2ada3332bf0
  subpackages:
  - codes
  - credentials
  - grpclog
  - internal
  - metadata
  - naming
  - peer
  - transport
- name: gopkg.in/alexcesaro/quotedprintable.v3
  version: 2caba252f4dc53eaf6b553000885530023f54623
- name: gopkg.in/gomail.v2
  version: 81ebce5c23dfd25c6c67194b37d3dd3f338c98b1
- name: gopkg.in/inf.v0
  version: 3887ee99ecf07df5b447e9b00d9c0b2adaa9f3e4
- name: gopkg.in/yaml.v2
  version: a5b47d31c556af34a302ce5d659e6fea44d90de0
- name: k8s.io/client-go
  version: e1a6aa664414135c03f74bac140f30323bb49ce1
  subpackages:
  - 1.4/pkg/api
  - 1.4/pkg/api/endpoints
  - 1.4/pkg/api/errors
  - 1.4/pkg/api/meta
  - 1.4/pkg/api/meta/metatypes
  - 1.4/pkg/api/pod
  - 1.4/pkg/api/resource
  - 1.4/pkg/api/service
  - 1.4/pkg/api/unversioned
  - 1.4/pkg/api/unversioned/validation
  - 1.4/pkg/api/util
  - 1.4/pkg/api/v1
  - 1.4/pkg/api/validation
  - 1.4/pkg/apimachinery
  - 1.4/pkg/apimachinery/registered
  - 1.4/pkg/apis/autoscaling
  - 1.4/pkg/apis/batch
  - 1.4/pkg/apis/extensions
  - 1.4/pkg/auth/user
  - 1.4/pkg/capabilities
  - 1.4/pkg/conversion
  - 1.4/pkg/conversion/queryparams
  - 1.4/pkg/fields
  - 1.4/pkg/labels
  - 1.4/pkg/runtime
  - 1.4/pkg/runtime/serializer
  - 1.4/pkg/runtime/serializer/json
  - 1.4/pkg/runtime/serializer/protobuf
  - 1.4/pkg/runtime/serializer/recognizer
  - 1.4/pkg/runtime/serializer/streaming
  - 1.4/pkg/runtime/serializer/versioning
  - 1.4/pkg/security/apparmor
  - 1.4/pkg/selection
  - 1.4/pkg/third_party/forked/golang/reflect
  - 1.4/pkg/types
  - 1.4/pkg/util
  - 1.4/pkg/util/clock
  - 1.4/pkg/util/config
  - 1.4/pkg/util/crypto
  - 1.4/pkg/util/errors
  - 1.4/pkg/util/flowcontrol
  - 1.4/pkg/util/framer
  - 1.4/pkg/util/hash
  - 1.4/pkg/util/integer
  - 1.4/pkg/util/intstr
  - 1.4/pkg/util/json
  - 1.4/pkg/util/labels
  - 1.4/pkg/util/net
  - 1.4/pkg/util/net/sets
  - 1.4/pkg/util/parsers
  - 1.4/pkg/util/rand
  - 1.4/pkg/util/runtime
  - 1.4/pkg/util/sets
  - 1.4/pkg/util/uuid
  - 1.4/pkg/util/validation
  - 1.4/pkg/util/validation/field
  - 1.4/pkg/util/wait
  - 1.4/pkg/util/yaml
  - 1.4/pkg/version
  - 1.4/pkg/watch
  - 1.4/pkg/watch/versioned
  - 1.4/rest
  - 1.4/tools/clientcmd/api
  - 1.4/tools/metrics
  - 1.4/transport
- name: k8s.io/kubernetes
  version: 5cc02c0b3da12853f63dcc32c11050c31d7c46cb
  repo: git@diffusion.appscode.com:appscode/50/kubernetes.git
  vcs: git
  subpackages:
  - pkg/api
  - pkg/api/endpoints
  - pkg/api/errors
  - pkg/api/install
  - pkg/api/meta
  - pkg/api/meta/metatypes
  - pkg/api/pod
  - pkg/api/resource
  - pkg/api/service
  - pkg/api/unversioned
  - pkg/api/unversioned/validation
  - pkg/api/util
  - pkg/api/v1
  - pkg/api/validation
  - pkg/apimachinery
  - pkg/apimachinery/registered
  - pkg/apis/apps
  - pkg/apis/apps/install
  - pkg/apis/apps/v1alpha1
  - pkg/apis/authentication
  - pkg/apis/authentication/install
  - pkg/apis/authentication/v1beta1
  - pkg/apis/authorization
  - pkg/apis/authorization/install
  - pkg/apis/authorization/v1beta1
  - pkg/apis/autoscaling
  - pkg/apis/autoscaling/install
  - pkg/apis/autoscaling/v1
  - pkg/apis/batch
  - pkg/apis/batch/install
  - pkg/apis/batch/v1
  - pkg/apis/batch/v2alpha1
  - pkg/apis/certificates
  - pkg/apis/certificates/install
  - pkg/apis/certificates/v1alpha1
  - pkg/apis/componentconfig
  - pkg/apis/componentconfig/install
  - pkg/apis/componentconfig/v1alpha1
  - pkg/apis/extensions
  - pkg/apis/extensions/install
  - pkg/apis/extensions/v1beta1
  - pkg/apis/policy
  - pkg/apis/policy/install
  - pkg/apis/policy/v1alpha1
  - pkg/apis/rbac
  - pkg/apis/rbac/install
  - pkg/apis/rbac/v1alpha1
  - pkg/apis/storage
  - pkg/apis/storage/install
  - pkg/apis/storage/v1beta1
  - pkg/auth/user
  - pkg/capabilities
  - pkg/client/metrics
  - pkg/client/restclient
  - pkg/client/transport
  - pkg/client/typed/discovery
  - pkg/client/unversioned
  - pkg/client/unversioned/clientcmd/api
  - pkg/conversion
  - pkg/conversion/queryparams
  - pkg/fields
  - pkg/kubelet/qos
  - pkg/kubelet/types
  - pkg/labels
  - pkg/master/ports
  - pkg/runtime
  - pkg/runtime/serializer
  - pkg/runtime/serializer/json
  - pkg/runtime/serializer/protobuf
  - pkg/runtime/serializer/recognizer
  - pkg/runtime/serializer/streaming
  - pkg/runtime/serializer/versioning
  - pkg/security/apparmor
  - pkg/selection
  - pkg/types
  - pkg/util
  - pkg/util/clock
  - pkg/util/config
  - pkg/util/crypto
  - pkg/util/errors
  - pkg/util/flowcontrol
  - pkg/util/framer
  - pkg/util/hash
  - pkg/util/integer
  - pkg/util/intstr
  - pkg/util/json
  - pkg/util/labels
  - pkg/util/net
  - pkg/util/net/sets
  - pkg/util/parsers
  - pkg/util/rand
  - pkg/util/runtime
  - pkg/util/sets
  - pkg/util/uuid
  - pkg/util/validation
  - pkg/util/validation/field
  - pkg/util/wait
  - pkg/util/yaml
  - pkg/version
  - pkg/watch
  - pkg/watch/versioned
  - plugin/pkg/client/auth
  - plugin/pkg/client/auth/gcp
  - plugin/pkg/client/auth/oidc
  - third_party/forked/golang/reflect
testImports: []
